
Microsoft Visual Studio Solution File, Format Version 12.00
# Visual Studio Version 17
VisualStudioVersion = 17.14.36408.4 d17.14
MinimumVisualStudioVersion = 10.0.40219.1
Project("{FAE04EC0-301F-11D3-BF4B-00C04F79EFBC}") = "Beast in Labyrinth", "Beast in Labyrinth.csproj", "{666B0E74-B256-4ED6-8266-3232E6B7352A}"
EndProject
Global
	GlobalSection(SolutionConfigurationPlatforms) = preSolution
		Debug|Any CPU = Debug|Any CPU
		Release|Any CPU = Release|Any CPU
	EndGlobalSection
	GlobalSection(ProjectConfigurationPlatforms) = postSolution
		{666B0E74-B256-4ED6-8266-3232E6B7352A}.Debug|Any CPU.ActiveCfg = Debug|Any CPU
		{666B0E74-B256-4ED6-8266-3232E6B7352A}.Debug|Any CPU.Build.0 = Debug|Any CPU
		{666B0E74-B256-4ED6-8266-3232E6B7352A}.Release|Any CPU.ActiveCfg = Release|Any CPU
		{666B0E74-B256-4ED6-8266-3232E6B7352A}.Release|Any CPU.Build.0 = Release|Any CPU
	EndGlobalSection
	GlobalSection(SolutionProperties) = preSolution
		HideSolutionNode = FALSE
	EndGlobalSection
	GlobalSection(ExtensibilityGlobals) = postSolution
		SolutionGuid = {ABEEE93B-C9D4-4C6C-BD2B-B225AA67796A}
	EndGlobalSection
EndGlobal
