
Microsoft Visual Studio Solution File, Format Version 12.00
# Visual Studio Version 17
VisualStudioVersion = 17.14.36705.20 d17.14
MinimumVisualStudioVersion = 10.0.40219.1
Project("{FAE04EC0-301F-11D3-BF4B-00C04F79EFBC}") = "MInesweeper", "MInesweeper.csproj", "{65AF9AAD-95F6-4272-A306-A5D4987FBD8C}"
EndProject
Global
	GlobalSection(SolutionConfigurationPlatforms) = preSolution
		Debug|Any CPU = Debug|Any CPU
		Release|Any CPU = Release|Any CPU
	EndGlobalSection
	GlobalSection(ProjectConfigurationPlatforms) = postSolution
		{65AF9AAD-95F6-4272-A306-A5D4987FBD8C}.Debug|Any CPU.ActiveCfg = Debug|Any CPU
		{65AF9AAD-95F6-4272-A306-A5D4987FBD8C}.Debug|Any CPU.Build.0 = Debug|Any CPU
		{65AF9AAD-95F6-4272-A306-A5D4987FBD8C}.Release|Any CPU.ActiveCfg = Release|Any CPU
		{65AF9AAD-95F6-4272-A306-A5D4987FBD8C}.Release|Any CPU.Build.0 = Release|Any CPU
	EndGlobalSection
	GlobalSection(SolutionProperties) = preSolution
		HideSolutionNode = FALSE
	EndGlobalSection
	GlobalSection(ExtensibilityGlobals) = postSolution
		SolutionGuid = {03174846-C1C4-4B47-B0DF-357E064BA3F7}
	EndGlobalSection
EndGlobal
