
Microsoft Visual Studio Solution File, Format Version 12.00
# Visual Studio Version 17
VisualStudioVersion = 17.14.36705.20 d17.14
MinimumVisualStudioVersion = 10.0.40219.1
Project("{FAE04EC0-301F-11D3-BF4B-00C04F79EFBC}") = "ColorPickerWPF", "ColorPickerWPF.csproj", "{957EE008-FE48-4EE9-8E43-C33A7BE2B11E}"
EndProject
Global
	GlobalSection(SolutionConfigurationPlatforms) = preSolution
		Debug|Any CPU = Debug|Any CPU
		Release|Any CPU = Release|Any CPU
	EndGlobalSection
	GlobalSection(ProjectConfigurationPlatforms) = postSolution
		{957EE008-FE48-4EE9-8E43-C33A7BE2B11E}.Debug|Any CPU.ActiveCfg = Debug|Any CPU
		{957EE008-FE48-4EE9-8E43-C33A7BE2B11E}.Debug|Any CPU.Build.0 = Debug|Any CPU
		{957EE008-FE48-4EE9-8E43-C33A7BE2B11E}.Release|Any CPU.ActiveCfg = Release|Any CPU
		{957EE008-FE48-4EE9-8E43-C33A7BE2B11E}.Release|Any CPU.Build.0 = Release|Any CPU
	EndGlobalSection
	GlobalSection(SolutionProperties) = preSolution
		HideSolutionNode = FALSE
	EndGlobalSection
	GlobalSection(ExtensibilityGlobals) = postSolution
		SolutionGuid = {025EDDBA-18B6-4CF6-B319-4AB764CFB2AF}
	EndGlobalSection
EndGlobal
